
Microsoft Visual Studio Solution File, Format Version 12.00
# Visual Studio 15
Project("{FAE04EC0-301F-11D3-BF4B-00C04F79EFBC}") = "Assembly-CSharp", "Assembly-CSharp.csproj", "{030B6913-CBB1-EC99-13B3-A37C5CDB48BE}"
EndProject
Project("{FAE04EC0-301F-11D3-BF4B-00C04F79EFBC}") = "SteamVR", "SteamVR.csproj", "{9ADCA88C-A807-6257-3748-20A23B7F0001}"
EndProject
Project("{FAE04EC0-301F-11D3-BF4B-00C04F79EFBC}") = "SteamVR_Actions", "SteamVR_Actions.csproj", "{5E8E7391-1629-802F-8B01-16C40BBEAF34}"
EndProject
Project("{FAE04EC0-301F-11D3-BF4B-00C04F79EFBC}") = "Assembly-CSharp-firstpass", "Assembly-CSharp-firstpass.csproj", "{EC6EE372-0003-B321-D287-972E6C516D39}"
EndProject
Project("{FAE04EC0-301F-11D3-BF4B-00C04F79EFBC}") = "Assembly-CSharp-Editor-firstpass", "Assembly-CSharp-Editor-firstpass.csproj", "{01940A70-64EB-E782-063D-771F848E1B76}"
EndProject
Project("{FAE04EC0-301F-11D3-BF4B-00C04F79EFBC}") = "SteamVR_Editor", "SteamVR_Editor.csproj", "{795CF270-0E8C-E054-67B6-96B1F2CB32CA}"
EndProject
Project("{FAE04EC0-301F-11D3-BF4B-00C04F79EFBC}") = "SteamVR_Input_Editor", "SteamVR_Input_Editor.csproj", "{886F0EED-CA8F-53EB-1137-F0AD862F0AF8}"
EndProject
Project("{FAE04EC0-301F-11D3-BF4B-00C04F79EFBC}") = "SteamVR_Windows_EditorHelper", "SteamVR_Windows_EditorHelper.csproj", "{929C59EE-55AA-9AD5-217C-ABB1492EDA0C}"
EndProject
Global
	GlobalSection(SolutionConfigurationPlatforms) = preSolution
		Debug|Any CPU = Debug|Any CPU
		Release|Any CPU = Release|Any CPU
	EndGlobalSection
	GlobalSection(ProjectConfigurationPlatforms) = postSolution
		{030B6913-CBB1-EC99-13B3-A37C5CDB48BE}.Debug|Any CPU.ActiveCfg = Debug|Any CPU
		{030B6913-CBB1-EC99-13B3-A37C5CDB48BE}.Debug|Any CPU.Build.0 = Debug|Any CPU
		{030B6913-CBB1-EC99-13B3-A37C5CDB48BE}.Release|Any CPU.ActiveCfg = Release|Any CPU
		{030B6913-CBB1-EC99-13B3-A37C5CDB48BE}.Release|Any CPU.Build.0 = Release|Any CPU
		{9ADCA88C-A807-6257-3748-20A23B7F0001}.Debug|Any CPU.ActiveCfg = Debug|Any CPU
		{9ADCA88C-A807-6257-3748-20A23B7F0001}.Debug|Any CPU.Build.0 = Debug|Any CPU
		{9ADCA88C-A807-6257-3748-20A23B7F0001}.Release|Any CPU.ActiveCfg = Release|Any CPU
		{9ADCA88C-A807-6257-3748-20A23B7F0001}.Release|Any CPU.Build.0 = Release|Any CPU
		{5E8E7391-1629-802F-8B01-16C40BBEAF34}.Debug|Any CPU.ActiveCfg = Debug|Any CPU
		{5E8E7391-1629-802F-8B01-16C40BBEAF34}.Debug|Any CPU.Build.0 = Debug|Any CPU
		{5E8E7391-1629-802F-8B01-16C40BBEAF34}.Release|Any CPU.ActiveCfg = Release|Any CPU
		{5E8E7391-1629-802F-8B01-16C40BBEAF34}.Release|Any CPU.Build.0 = Release|Any CPU
		{EC6EE372-0003-B321-D287-972E6C516D39}.Debug|Any CPU.ActiveCfg = Debug|Any CPU
		{EC6EE372-0003-B321-D287-972E6C516D39}.Debug|Any CPU.Build.0 = Debug|Any CPU
		{EC6EE372-0003-B321-D287-972E6C516D39}.Release|Any CPU.ActiveCfg = Release|Any CPU
		{EC6EE372-0003-B321-D287-972E6C516D39}.Release|Any CPU.Build.0 = Release|Any CPU
		{01940A70-64EB-E782-063D-771F848E1B76}.Debug|Any CPU.ActiveCfg = Debug|Any CPU
		{01940A70-64EB-E782-063D-771F848E1B76}.Debug|Any CPU.Build.0 = Debug|Any CPU
		{01940A70-64EB-E782-063D-771F848E1B76}.Release|Any CPU.ActiveCfg = Release|Any CPU
		{01940A70-64EB-E782-063D-771F848E1B76}.Release|Any CPU.Build.0 = Release|Any CPU
		{795CF270-0E8C-E054-67B6-96B1F2CB32CA}.Debug|Any CPU.ActiveCfg = Debug|Any CPU
		{795CF270-0E8C-E054-67B6-96B1F2CB32CA}.Debug|Any CPU.Build.0 = Debug|Any CPU
		{795CF270-0E8C-E054-67B6-96B1F2CB32CA}.Release|Any CPU.ActiveCfg = Release|Any CPU
		{795CF270-0E8C-E054-67B6-96B1F2CB32CA}.Release|Any CPU.Build.0 = Release|Any CPU
		{886F0EED-CA8F-53EB-1137-F0AD862F0AF8}.Debug|Any CPU.ActiveCfg = Debug|Any CPU
		{886F0EED-CA8F-53EB-1137-F0AD862F0AF8}.Debug|Any CPU.Build.0 = Debug|Any CPU
		{886F0EED-CA8F-53EB-1137-F0AD862F0AF8}.Release|Any CPU.ActiveCfg = Release|Any CPU
		{886F0EED-CA8F-53EB-1137-F0AD862F0AF8}.Release|Any CPU.Build.0 = Release|Any CPU
		{929C59EE-55AA-9AD5-217C-ABB1492EDA0C}.Debug|Any CPU.ActiveCfg = Debug|Any CPU
		{929C59EE-55AA-9AD5-217C-ABB1492EDA0C}.Debug|Any CPU.Build.0 = Debug|Any CPU
		{929C59EE-55AA-9AD5-217C-ABB1492EDA0C}.Release|Any CPU.ActiveCfg = Release|Any CPU
		{929C59EE-55AA-9AD5-217C-ABB1492EDA0C}.Release|Any CPU.Build.0 = Release|Any CPU
	EndGlobalSection
	GlobalSection(SolutionProperties) = preSolution
		HideSolutionNode = FALSE
	EndGlobalSection
EndGlobal
